// !$*UTF8*$!
{
	archiveVersion = 1;
	classes = {
	};
	objectVersion = 55;
	objects = {

/* Begin PBXBuildFile section */
		CABE657D289945D43E678262 /* Pods_pokedex.framework in Frameworks */ = {isa = PBXBuildFile; fileRef = 2D55E3D648EDFDB70024C591 /* Pods_pokedex.framework */; };
		CE3B37F228FFECAF00714A92 /* PokemonListTableViewCell.swift in Sources */ = {isa = PBXBuildFile; fileRef = CE3B37F128FFECAF00714A92 /* PokemonListTableViewCell.swift */; };
		CE3B37F428FFEDD300714A92 /* UITableViewCell+Extension.swift in Sources */ = {isa = PBXBuildFile; fileRef = CE3B37F328FFEDD300714A92 /* UITableViewCell+Extension.swift */; };
		CE3B37F628FFF43200714A92 /* UIView+Extension.swift in Sources */ = {isa = PBXBuildFile; fileRef = CE3B37F528FFF43200714A92 /* UIView+Extension.swift */; };
		CE3B380229024F4B00714A92 /* UIFont+Extension.swift in Sources */ = {isa = PBXBuildFile; fileRef = CE3B380129024F4B00714A92 /* UIFont+Extension.swift */; };
		CE3B380F29025F0100714A92 /* Roboto-Regular.ttf in Resources */ = {isa = PBXBuildFile; fileRef = CE3B380329025F0000714A92 /* Roboto-Regular.ttf */; };
		CE3B381029025F0100714A92 /* Roboto-Bold.ttf in Resources */ = {isa = PBXBuildFile; fileRef = CE3B380429025F0000714A92 /* Roboto-Bold.ttf */; };
		CE3B381129025F0100714A92 /* Roboto-ThinItalic.ttf in Resources */ = {isa = PBXBuildFile; fileRef = CE3B380529025F0000714A92 /* Roboto-ThinItalic.ttf */; };
		CE3B381229025F0100714A92 /* Roboto-Black.ttf in Resources */ = {isa = PBXBuildFile; fileRef = CE3B380629025F0000714A92 /* Roboto-Black.ttf */; };
		CE3B381329025F0100714A92 /* Roboto-BoldItalic.ttf in Resources */ = {isa = PBXBuildFile; fileRef = CE3B380729025F0000714A92 /* Roboto-BoldItalic.ttf */; };
		CE3B381429025F0100714A92 /* Roboto-Light.ttf in Resources */ = {isa = PBXBuildFile; fileRef = CE3B380829025F0000714A92 /* Roboto-Light.ttf */; };
		CE3B381529025F0100714A92 /* Roboto-BlackItalic.ttf in Resources */ = {isa = PBXBuildFile; fileRef = CE3B380929025F0100714A92 /* Roboto-BlackItalic.ttf */; };
		CE3B381629025F0100714A92 /* Roboto-MediumItalic.ttf in Resources */ = {isa = PBXBuildFile; fileRef = CE3B380A29025F0100714A92 /* Roboto-MediumItalic.ttf */; };
		CE3B381729025F0100714A92 /* Roboto-Thin.ttf in Resources */ = {isa = PBXBuildFile; fileRef = CE3B380B29025F0100714A92 /* Roboto-Thin.ttf */; };
		CE3B381829025F0100714A92 /* Roboto-Italic.ttf in Resources */ = {isa = PBXBuildFile; fileRef = CE3B380C29025F0100714A92 /* Roboto-Italic.ttf */; };
		CE3B381929025F0100714A92 /* Roboto-Medium.ttf in Resources */ = {isa = PBXBuildFile; fileRef = CE3B380D29025F0100714A92 /* Roboto-Medium.ttf */; };
		CE3B381A29025F0100714A92 /* Roboto-LightItalic.ttf in Resources */ = {isa = PBXBuildFile; fileRef = CE3B380E29025F0100714A92 /* Roboto-LightItalic.ttf */; };
		CE3B381D2902611100714A92 /* PokemonDetailsViewController.swift in Sources */ = {isa = PBXBuildFile; fileRef = CE3B381C2902611100714A92 /* PokemonDetailsViewController.swift */; };
		CE3B381F290268DC00714A92 /* PokemonDetail.swift in Sources */ = {isa = PBXBuildFile; fileRef = CE3B381E290268DC00714A92 /* PokemonDetail.swift */; };
		CE5E43D828FFD24400B7388C /* PokemonResponse.swift in Sources */ = {isa = PBXBuildFile; fileRef = CE5E43D728FFD24400B7388C /* PokemonResponse.swift */; };
		CE842E11290E3F0C001DC3FC /* String+Extension.swift in Sources */ = {isa = PBXBuildFile; fileRef = CE842E10290E3F0C001DC3FC /* String+Extension.swift */; };
		CEB2D30328FFC6ED009A2192 /* AppDelegate.swift in Sources */ = {isa = PBXBuildFile; fileRef = CEB2D30228FFC6ED009A2192 /* AppDelegate.swift */; };
		CEB2D30528FFC6ED009A2192 /* SceneDelegate.swift in Sources */ = {isa = PBXBuildFile; fileRef = CEB2D30428FFC6ED009A2192 /* SceneDelegate.swift */; };
		CEB2D30C28FFC6F1009A2192 /* Assets.xcassets in Resources */ = {isa = PBXBuildFile; fileRef = CEB2D30B28FFC6F1009A2192 /* Assets.xcassets */; };
		CEB2D30F28FFC6F1009A2192 /* LaunchScreen.storyboard in Resources */ = {isa = PBXBuildFile; fileRef = CEB2D30D28FFC6F1009A2192 /* LaunchScreen.storyboard */; };
		CEB2D31828FFC89D009A2192 /* PokemonListViewController.swift in Sources */ = {isa = PBXBuildFile; fileRef = CEB2D31728FFC89D009A2192 /* PokemonListViewController.swift */; };
		CEB2D32228FFCFEB009A2192 /* Endpoints.swift in Sources */ = {isa = PBXBuildFile; fileRef = CEB2D32128FFCFEB009A2192 /* Endpoints.swift */; };
		CEB2D32428FFD0AD009A2192 /* NetworkService.swift in Sources */ = {isa = PBXBuildFile; fileRef = CEB2D32328FFD0AD009A2192 /* NetworkService.swift */; };
/* End PBXBuildFile section */

/* Begin PBXFileReference section */
		2D55E3D648EDFDB70024C591 /* Pods_pokedex.framework */ = {isa = PBXFileReference; explicitFileType = wrapper.framework; includeInIndex = 0; path = Pods_pokedex.framework; sourceTree = BUILT_PRODUCTS_DIR; };
		333AC91052FE1875CA8E97B6 /* Pods-pokedex.release.xcconfig */ = {isa = PBXFileReference; includeInIndex = 1; lastKnownFileType = text.xcconfig; name = "Pods-pokedex.release.xcconfig"; path = "Target Support Files/Pods-pokedex/Pods-pokedex.release.xcconfig"; sourceTree = "<group>"; };
		B6CC95D2B78D770404FA63FA /* Pods-pokedex.debug.xcconfig */ = {isa = PBXFileReference; includeInIndex = 1; lastKnownFileType = text.xcconfig; name = "Pods-pokedex.debug.xcconfig"; path = "Target Support Files/Pods-pokedex/Pods-pokedex.debug.xcconfig"; sourceTree = "<group>"; };
		CE3B37F128FFECAF00714A92 /* PokemonListTableViewCell.swift */ = {isa = PBXFileReference; lastKnownFileType = sourcecode.swift; path = PokemonListTableViewCell.swift; sourceTree = "<group>"; };
		CE3B37F328FFEDD300714A92 /* UITableViewCell+Extension.swift */ = {isa = PBXFileReference; lastKnownFileType = sourcecode.swift; path = "UITableViewCell+Extension.swift"; sourceTree = "<group>"; };
		CE3B37F528FFF43200714A92 /* UIView+Extension.swift */ = {isa = PBXFileReference; lastKnownFileType = sourcecode.swift; path = "UIView+Extension.swift"; sourceTree = "<group>"; };
		CE3B380129024F4B00714A92 /* UIFont+Extension.swift */ = {isa = PBXFileReference; lastKnownFileType = sourcecode.swift; path = "UIFont+Extension.swift"; sourceTree = "<group>"; };
		CE3B380329025F0000714A92 /* Roboto-Regular.ttf */ = {isa = PBXFileReference; lastKnownFileType = file; path = "Roboto-Regular.ttf"; sourceTree = "<group>"; };
		CE3B380429025F0000714A92 /* Roboto-Bold.ttf */ = {isa = PBXFileReference; lastKnownFileType = file; path = "Roboto-Bold.ttf"; sourceTree = "<group>"; };
		CE3B380529025F0000714A92 /* Roboto-ThinItalic.ttf */ = {isa = PBXFileReference; lastKnownFileType = file; path = "Roboto-ThinItalic.ttf"; sourceTree = "<group>"; };
		CE3B380629025F0000714A92 /* Roboto-Black.ttf */ = {isa = PBXFileReference; lastKnownFileType = file; path = "Roboto-Black.ttf"; sourceTree = "<group>"; };
		CE3B380729025F0000714A92 /* Roboto-BoldItalic.ttf */ = {isa = PBXFileReference; lastKnownFileType = file; path = "Roboto-BoldItalic.ttf"; sourceTree = "<group>"; };
		CE3B380829025F0000714A92 /* Roboto-Light.ttf */ = {isa = PBXFileReference; lastKnownFileType = file; path = "Roboto-Light.ttf"; sourceTree = "<group>"; };
		CE3B380929025F0100714A92 /* Roboto-BlackItalic.ttf */ = {isa = PBXFileReference; lastKnownFileType = file; path = "Roboto-BlackItalic.ttf"; sourceTree = "<group>"; };
		CE3B380A29025F0100714A92 /* Roboto-MediumItalic.ttf */ = {isa = PBXFileReference; lastKnownFileType = file; path = "Roboto-MediumItalic.ttf"; sourceTree = "<group>"; };
		CE3B380B29025F0100714A92 /* Roboto-Thin.ttf */ = {isa = PBXFileReference; lastKnownFileType = file; path = "Roboto-Thin.ttf"; sourceTree = "<group>"; };
		CE3B380C29025F0100714A92 /* Roboto-Italic.ttf */ = {isa = PBXFileReference; lastKnownFileType = file; path = "Roboto-Italic.ttf"; sourceTree = "<group>"; };
		CE3B380D29025F0100714A92 /* Roboto-Medium.ttf */ = {isa = PBXFileReference; lastKnownFileType = file; path = "Roboto-Medium.ttf"; sourceTree = "<group>"; };
		CE3B380E29025F0100714A92 /* Roboto-LightItalic.ttf */ = {isa = PBXFileReference; lastKnownFileType = file; path = "Roboto-LightItalic.ttf"; sourceTree = "<group>"; };
		CE3B381C2902611100714A92 /* PokemonDetailsViewController.swift */ = {isa = PBXFileReference; lastKnownFileType = sourcecode.swift; path = PokemonDetailsViewController.swift; sourceTree = "<group>"; };
		CE3B381E290268DC00714A92 /* PokemonDetail.swift */ = {isa = PBXFileReference; lastKnownFileType = sourcecode.swift; path = PokemonDetail.swift; sourceTree = "<group>"; };
		CE5E43D728FFD24400B7388C /* PokemonResponse.swift */ = {isa = PBXFileReference; lastKnownFileType = sourcecode.swift; path = PokemonResponse.swift; sourceTree = "<group>"; };
		CE842E10290E3F0C001DC3FC /* String+Extension.swift */ = {isa = PBXFileReference; lastKnownFileType = sourcecode.swift; path = "String+Extension.swift"; sourceTree = "<group>"; };
		CEB2D2FF28FFC6ED009A2192 /* pokedex.app */ = {isa = PBXFileReference; explicitFileType = wrapper.application; includeInIndex = 0; path = pokedex.app; sourceTree = BUILT_PRODUCTS_DIR; };
		CEB2D30228FFC6ED009A2192 /* AppDelegate.swift */ = {isa = PBXFileReference; lastKnownFileType = sourcecode.swift; path = AppDelegate.swift; sourceTree = "<group>"; };
		CEB2D30428FFC6ED009A2192 /* SceneDelegate.swift */ = {isa = PBXFileReference; lastKnownFileType = sourcecode.swift; path = SceneDelegate.swift; sourceTree = "<group>"; };
		CEB2D30B28FFC6F1009A2192 /* Assets.xcassets */ = {isa = PBXFileReference; lastKnownFileType = folder.assetcatalog; path = Assets.xcassets; sourceTree = "<group>"; };
		CEB2D30E28FFC6F1009A2192 /* Base */ = {isa = PBXFileReference; lastKnownFileType = file.storyboard; name = Base; path = Base.lproj/LaunchScreen.storyboard; sourceTree = "<group>"; };
		CEB2D31028FFC6F1009A2192 /* Info.plist */ = {isa = PBXFileReference; lastKnownFileType = text.plist.xml; path = Info.plist; sourceTree = "<group>"; };
		CEB2D31728FFC89D009A2192 /* PokemonListViewController.swift */ = {isa = PBXFileReference; lastKnownFileType = sourcecode.swift; path = PokemonListViewController.swift; sourceTree = "<group>"; };
		CEB2D32128FFCFEB009A2192 /* Endpoints.swift */ = {isa = PBXFileReference; lastKnownFileType = sourcecode.swift; path = Endpoints.swift; sourceTree = "<group>"; };
		CEB2D32328FFD0AD009A2192 /* NetworkService.swift */ = {isa = PBXFileReference; lastKnownFileType = sourcecode.swift; path = NetworkService.swift; sourceTree = "<group>"; };
/* End PBXFileReference section */

/* Begin PBXFrameworksBuildPhase section */
		CEB2D2FC28FFC6ED009A2192 /* Frameworks */ = {
			isa = PBXFrameworksBuildPhase;
			buildActionMask = 2147483647;
			files = (
				CABE657D289945D43E678262 /* Pods_pokedex.framework in Frameworks */,
			);
			runOnlyForDeploymentPostprocessing = 0;
		};
/* End PBXFrameworksBuildPhase section */

/* Begin PBXGroup section */
		9B64EEED719A1A9646701AEE /* Frameworks */ = {
			isa = PBXGroup;
			children = (
				2D55E3D648EDFDB70024C591 /* Pods_pokedex.framework */,
			);
			name = Frameworks;
			sourceTree = "<group>";
		};
		B52ADC679C8AC40A4E1C7598 /* Pods */ = {
			isa = PBXGroup;
			children = (
				B6CC95D2B78D770404FA63FA /* Pods-pokedex.debug.xcconfig */,
				333AC91052FE1875CA8E97B6 /* Pods-pokedex.release.xcconfig */,
			);
			path = Pods;
			sourceTree = "<group>";
		};
		CE3B37F829024C8600714A92 /* Fonts */ = {
			isa = PBXGroup;
			children = (
				CE3B380629025F0000714A92 /* Roboto-Black.ttf */,
				CE3B380929025F0100714A92 /* Roboto-BlackItalic.ttf */,
				CE3B380429025F0000714A92 /* Roboto-Bold.ttf */,
				CE3B380729025F0000714A92 /* Roboto-BoldItalic.ttf */,
				CE3B380C29025F0100714A92 /* Roboto-Italic.ttf */,
				CE3B380829025F0000714A92 /* Roboto-Light.ttf */,
				CE3B380E29025F0100714A92 /* Roboto-LightItalic.ttf */,
				CE3B380D29025F0100714A92 /* Roboto-Medium.ttf */,
				CE3B380A29025F0100714A92 /* Roboto-MediumItalic.ttf */,
				CE3B380329025F0000714A92 /* Roboto-Regular.ttf */,
				CE3B380B29025F0100714A92 /* Roboto-Thin.ttf */,
				CE3B380529025F0000714A92 /* Roboto-ThinItalic.ttf */,
			);
			path = Fonts;
			sourceTree = "<group>";
		};
		CE3B381B290260EC00714A92 /* PokemonDetails */ = {
			isa = PBXGroup;
			children = (
				CE3B381C2902611100714A92 /* PokemonDetailsViewController.swift */,
			);
			path = PokemonDetails;
			sourceTree = "<group>";
		};
		CEB2D2F628FFC6ED009A2192 = {
			isa = PBXGroup;
			children = (
				CEB2D30128FFC6ED009A2192 /* pokedex */,
				CEB2D30028FFC6ED009A2192 /* Products */,
				B52ADC679C8AC40A4E1C7598 /* Pods */,
				9B64EEED719A1A9646701AEE /* Frameworks */,
			);
			sourceTree = "<group>";
		};
		CEB2D30028FFC6ED009A2192 /* Products */ = {
			isa = PBXGroup;
			children = (
				CEB2D2FF28FFC6ED009A2192 /* pokedex.app */,
			);
			name = Products;
			sourceTree = "<group>";
		};
		CEB2D30128FFC6ED009A2192 /* pokedex */ = {
			isa = PBXGroup;
			children = (
				CE3B37F829024C8600714A92 /* Fonts */,
				CEB2D32028FFCFC3009A2192 /* Constants */,
				CEB2D31F28FFCFB6009A2192 /* Resources */,
				CEB2D31E28FFCFA4009A2192 /* Models */,
				CEB2D31D28FFCF8F009A2192 /* Networking */,
				CEB2D31C28FFCF86009A2192 /* Extension */,
				CEB2D31628FFC74F009A2192 /* Modules */,
				CEB2D30228FFC6ED009A2192 /* AppDelegate.swift */,
				CEB2D30428FFC6ED009A2192 /* SceneDelegate.swift */,
				CEB2D30B28FFC6F1009A2192 /* Assets.xcassets */,
				CEB2D30D28FFC6F1009A2192 /* LaunchScreen.storyboard */,
				CEB2D31028FFC6F1009A2192 /* Info.plist */,
			);
			path = pokedex;
			sourceTree = "<group>";
		};
		CEB2D31628FFC74F009A2192 /* Modules */ = {
			isa = PBXGroup;
			children = (
				CE3B381B290260EC00714A92 /* PokemonDetails */,
				CEB2D31928FFC8A1009A2192 /* PokemonList */,
			);
			path = Modules;
			sourceTree = "<group>";
		};
		CEB2D31928FFC8A1009A2192 /* PokemonList */ = {
			isa = PBXGroup;
			children = (
				CEB2D31728FFC89D009A2192 /* PokemonListViewController.swift */,
				CE3B37F128FFECAF00714A92 /* PokemonListTableViewCell.swift */,
			);
			path = PokemonList;
			sourceTree = "<group>";
		};
		CEB2D31C28FFCF86009A2192 /* Extension */ = {
			isa = PBXGroup;
			children = (
				CE3B37F328FFEDD300714A92 /* UITableViewCell+Extension.swift */,
				CE3B37F528FFF43200714A92 /* UIView+Extension.swift */,
				CE3B380129024F4B00714A92 /* UIFont+Extension.swift */,
				CE842E10290E3F0C001DC3FC /* String+Extension.swift */,
			);
			path = Extension;
			sourceTree = "<group>";
		};
		CEB2D31D28FFCF8F009A2192 /* Networking */ = {
			isa = PBXGroup;
			children = (
				CEB2D32328FFD0AD009A2192 /* NetworkService.swift */,
			);
			path = Networking;
			sourceTree = "<group>";
		};
		CEB2D31E28FFCFA4009A2192 /* Models */ = {
			isa = PBXGroup;
			children = (
				CE5E43D728FFD24400B7388C /* PokemonResponse.swift */,
				CE3B381E290268DC00714A92 /* PokemonDetail.swift */,
			);
			path = Models;
			sourceTree = "<group>";
		};
		CEB2D31F28FFCFB6009A2192 /* Resources */ = {
			isa = PBXGroup;
			children = (
			);
			path = Resources;
			sourceTree = "<group>";
		};
		CEB2D32028FFCFC3009A2192 /* Constants */ = {
			isa = PBXGroup;
			children = (
				CEB2D32128FFCFEB009A2192 /* Endpoints.swift */,
			);
			path = Constants;
			sourceTree = "<group>";
		};
/* End PBXGroup section */

/* Begin PBXNativeTarget section */
		CEB2D2FE28FFC6ED009A2192 /* pokedex */ = {
			isa = PBXNativeTarget;
			buildConfigurationList = CEB2D31328FFC6F1009A2192 /* Build configuration list for PBXNativeTarget "pokedex" */;
			buildPhases = (
				8684405AF74A8BB0D5E5D5F8 /* [CP] Check Pods Manifest.lock */,
				CEB2D2FB28FFC6ED009A2192 /* Sources */,
				CEB2D2FC28FFC6ED009A2192 /* Frameworks */,
				CEB2D2FD28FFC6ED009A2192 /* Resources */,
				8AB6B47C893363F83EEA6F8D /* [CP] Embed Pods Frameworks */,
			);
			buildRules = (
			);
			dependencies = (
			);
			name = pokedex;
			productName = pokedex;
			productReference = CEB2D2FF28FFC6ED009A2192 /* pokedex.app */;
			productType = "com.apple.product-type.application";
		};
/* End PBXNativeTarget section */

/* Begin PBXProject section */
		CEB2D2F728FFC6ED009A2192 /* Project object */ = {
			isa = PBXProject;
			attributes = {
				BuildIndependentTargetsInParallel = 1;
				LastSwiftUpdateCheck = 1340;
				LastUpgradeCheck = 1340;
				TargetAttributes = {
					CEB2D2FE28FFC6ED009A2192 = {
						CreatedOnToolsVersion = 13.4.1;
					};
				};
			};
			buildConfigurationList = CEB2D2FA28FFC6ED009A2192 /* Build configuration list for PBXProject "pokedex" */;
			compatibilityVersion = "Xcode 13.0";
			developmentRegion = en;
			hasScannedForEncodings = 0;
			knownRegions = (
				en,
				Base,
			);
			mainGroup = CEB2D2F628FFC6ED009A2192;
			productRefGroup = CEB2D30028FFC6ED009A2192 /* Products */;
			projectDirPath = "";
			projectRoot = "";
			targets = (
				CEB2D2FE28FFC6ED009A2192 /* pokedex */,
			);
		};
/* End PBXProject section */

/* Begin PBXResourcesBuildPhase section */
		CEB2D2FD28FFC6ED009A2192 /* Resources */ = {
			isa = PBXResourcesBuildPhase;
			buildActionMask = 2147483647;
			files = (
				CE3B381929025F0100714A92 /* Roboto-Medium.ttf in Resources */,
				CE3B381129025F0100714A92 /* Roboto-ThinItalic.ttf in Resources */,
				CE3B381A29025F0100714A92 /* Roboto-LightItalic.ttf in Resources */,
				CE3B381829025F0100714A92 /* Roboto-Italic.ttf in Resources */,
				CE3B380F29025F0100714A92 /* Roboto-Regular.ttf in Resources */,
				CEB2D30F28FFC6F1009A2192 /* LaunchScreen.storyboard in Resources */,
				CE3B381029025F0100714A92 /* Roboto-Bold.ttf in Resources */,
				CE3B381729025F0100714A92 /* Roboto-Thin.ttf in Resources */,
				CE3B381529025F0100714A92 /* Roboto-BlackItalic.ttf in Resources */,
				CEB2D30C28FFC6F1009A2192 /* Assets.xcassets in Resources */,
				CE3B381629025F0100714A92 /* Roboto-MediumItalic.ttf in Resources */,
				CE3B381329025F0100714A92 /* Roboto-BoldItalic.ttf in Resources */,
				CE3B381429025F0100714A92 /* Roboto-Light.ttf in Resources */,
				CE3B381229025F0100714A92 /* Roboto-Black.ttf in Resources */,
			);
			runOnlyForDeploymentPostprocessing = 0;
		};
/* End PBXResourcesBuildPhase section */

/* Begin PBXShellScriptBuildPhase section */
		8684405AF74A8BB0D5E5D5F8 /* [CP] Check Pods Manifest.lock */ = {
			isa = PBXShellScriptBuildPhase;
			buildActionMask = 2147483647;
			files = (
			);
			inputFileListPaths = (
			);
			inputPaths = (
				"${PODS_PODFILE_DIR_PATH}/Podfile.lock",
				"${PODS_ROOT}/Manifest.lock",
			);
			name = "[CP] Check Pods Manifest.lock";
			outputFileListPaths = (
			);
			outputPaths = (
				"$(DERIVED_FILE_DIR)/Pods-pokedex-checkManifestLockResult.txt",
			);
			runOnlyForDeploymentPostprocessing = 0;
			shellPath = /bin/sh;
			shellScript = "diff \"${PODS_PODFILE_DIR_PATH}/Podfile.lock\" \"${PODS_ROOT}/Manifest.lock\" > /dev/null\nif [ $? != 0 ] ; then\n    # print error to STDERR\n    echo \"error: The sandbox is not in sync with the Podfile.lock. Run 'pod install' or update your CocoaPods installation.\" >&2\n    exit 1\nfi\n# This output is used by Xcode 'outputs' to avoid re-running this script phase.\necho \"SUCCESS\" > \"${SCRIPT_OUTPUT_FILE_0}\"\n";
			showEnvVarsInLog = 0;
		};
		8AB6B47C893363F83EEA6F8D /* [CP] Embed Pods Frameworks */ = {
			isa = PBXShellScriptBuildPhase;
			buildActionMask = 2147483647;
			files = (
			);
			inputFileListPaths = (
				"${PODS_ROOT}/Target Support Files/Pods-pokedex/Pods-pokedex-frameworks-${CONFIGURATION}-input-files.xcfilelist",
			);
			name = "[CP] Embed Pods Frameworks";
			outputFileListPaths = (
				"${PODS_ROOT}/Target Support Files/Pods-pokedex/Pods-pokedex-frameworks-${CONFIGURATION}-output-files.xcfilelist",
			);
			runOnlyForDeploymentPostprocessing = 0;
			shellPath = /bin/sh;
			shellScript = "\"${PODS_ROOT}/Target Support Files/Pods-pokedex/Pods-pokedex-frameworks.sh\"\n";
			showEnvVarsInLog = 0;
		};
/* End PBXShellScriptBuildPhase section */

/* Begin PBXSourcesBuildPhase section */
		CEB2D2FB28FFC6ED009A2192 /* Sources */ = {
			isa = PBXSourcesBuildPhase;
			buildActionMask = 2147483647;
			files = (
				CEB2D32428FFD0AD009A2192 /* NetworkService.swift in Sources */,
				CEB2D32228FFCFEB009A2192 /* Endpoints.swift in Sources */,
				CE3B381D2902611100714A92 /* PokemonDetailsViewController.swift in Sources */,
				CE5E43D828FFD24400B7388C /* PokemonResponse.swift in Sources */,
				CE3B37F628FFF43200714A92 /* UIView+Extension.swift in Sources */,
				CE3B37F428FFEDD300714A92 /* UITableViewCell+Extension.swift in Sources */,
				CE842E11290E3F0C001DC3FC /* String+Extension.swift in Sources */,
				CEB2D30328FFC6ED009A2192 /* AppDelegate.swift in Sources */,
				CEB2D31828FFC89D009A2192 /* PokemonListViewController.swift in Sources */,
				CE3B37F228FFECAF00714A92 /* PokemonListTableViewCell.swift in Sources */,
				CE3B380229024F4B00714A92 /* UIFont+Extension.swift in Sources */,
				CE3B381F290268DC00714A92 /* PokemonDetail.swift in Sources */,
				CEB2D30528FFC6ED009A2192 /* SceneDelegate.swift in Sources */,
			);
			runOnlyForDeploymentPostprocessing = 0;
		};
/* End PBXSourcesBuildPhase section */

/* Begin PBXVariantGroup section */
		CEB2D30D28FFC6F1009A2192 /* LaunchScreen.storyboard */ = {
			isa = PBXVariantGroup;
			children = (
				CEB2D30E28FFC6F1009A2192 /* Base */,
			);
			name = LaunchScreen.storyboard;
			sourceTree = "<group>";
		};
/* End PBXVariantGroup section */

/* Begin XCBuildConfiguration section */
		CEB2D31128FFC6F1009A2192 /* Debug */ = {
			isa = XCBuildConfiguration;
			buildSettings = {
				ALWAYS_SEARCH_USER_PATHS = NO;
				CLANG_ANALYZER_NONNULL = YES;
				CLANG_ANALYZER_NUMBER_OBJECT_CONVERSION = YES_AGGRESSIVE;
				CLANG_CXX_LANGUAGE_STANDARD = "gnu++17";
				CLANG_ENABLE_MODULES = YES;
				CLANG_ENABLE_OBJC_ARC = YES;
				CLANG_ENABLE_OBJC_WEAK = YES;
				CLANG_WARN_BLOCK_CAPTURE_AUTORELEASING = YES;
				CLANG_WARN_BOOL_CONVERSION = YES;
				CLANG_WARN_COMMA = YES;
				CLANG_WARN_CONSTANT_CONVERSION = YES;
				CLANG_WARN_DEPRECATED_OBJC_IMPLEMENTATIONS = YES;
				CLANG_WARN_DIRECT_OBJC_ISA_USAGE = YES_ERROR;
				CLANG_WARN_DOCUMENTATION_COMMENTS = YES;
				CLANG_WARN_EMPTY_BODY = YES;
				CLANG_WARN_ENUM_CONVERSION = YES;
				CLANG_WARN_INFINITE_RECURSION = YES;
				CLANG_WARN_INT_CONVERSION = YES;
				CLANG_WARN_NON_LITERAL_NULL_CONVERSION = YES;
				CLANG_WARN_OBJC_IMPLICIT_RETAIN_SELF = YES;
				CLANG_WARN_OBJC_LITERAL_CONVERSION = YES;
				CLANG_WARN_OBJC_ROOT_CLASS = YES_ERROR;
				CLANG_WARN_QUOTED_INCLUDE_IN_FRAMEWORK_HEADER = YES;
				CLANG_WARN_RANGE_LOOP_ANALYSIS = YES;
				CLANG_WARN_STRICT_PROTOTYPES = YES;
				CLANG_WARN_SUSPICIOUS_MOVE = YES;
				CLANG_WARN_UNGUARDED_AVAILABILITY = YES_AGGRESSIVE;
				CLANG_WARN_UNREACHABLE_CODE = YES;
				CLANG_WARN__DUPLICATE_METHOD_MATCH = YES;
				COPY_PHASE_STRIP = NO;
				DEBUG_INFORMATION_FORMAT = dwarf;
				ENABLE_STRICT_OBJC_MSGSEND = YES;
				ENABLE_TESTABILITY = YES;
				GCC_C_LANGUAGE_STANDARD = gnu11;
				GCC_DYNAMIC_NO_PIC = NO;
				GCC_NO_COMMON_BLOCKS = YES;
				GCC_OPTIMIZATION_LEVEL = 0;
				GCC_PREPROCESSOR_DEFINITIONS = (
					"DEBUG=1",
					"$(inherited)",
				);
				GCC_WARN_64_TO_32_BIT_CONVERSION = YES;
				GCC_WARN_ABOUT_RETURN_TYPE = YES_ERROR;
				GCC_WARN_UNDECLARED_SELECTOR = YES;
				GCC_WARN_UNINITIALIZED_AUTOS = YES_AGGRESSIVE;
				GCC_WARN_UNUSED_FUNCTION = YES;
				GCC_WARN_UNUSED_VARIABLE = YES;
				IPHONEOS_DEPLOYMENT_TARGET = 15.5;
				MTL_ENABLE_DEBUG_INFO = INCLUDE_SOURCE;
				MTL_FAST_MATH = YES;
				ONLY_ACTIVE_ARCH = YES;
				SDKROOT = iphoneos;
				SWIFT_ACTIVE_COMPILATION_CONDITIONS = DEBUG;
				SWIFT_OPTIMIZATION_LEVEL = "-Onone";
			};
			name = Debug;
		};
		CEB2D31228FFC6F1009A2192 /* Release */ = {
			isa = XCBuildConfiguration;
			buildSettings = {
				ALWAYS_SEARCH_USER_PATHS = NO;
				CLANG_ANALYZER_NONNULL = YES;
				CLANG_ANALYZER_NUMBER_OBJECT_CONVERSION = YES_AGGRESSIVE;
				CLANG_CXX_LANGUAGE_STANDARD = "gnu++17";
				CLANG_ENABLE_MODULES = YES;
				CLANG_ENABLE_OBJC_ARC = YES;
				CLANG_ENABLE_OBJC_WEAK = YES;
				CLANG_WARN_BLOCK_CAPTURE_AUTORELEASING = YES;
				CLANG_WARN_BOOL_CONVERSION = YES;
				CLANG_WARN_COMMA = YES;
				CLANG_WARN_CONSTANT_CONVERSION = YES;
				CLANG_WARN_DEPRECATED_OBJC_IMPLEMENTATIONS = YES;
				CLANG_WARN_DIRECT_OBJC_ISA_USAGE = YES_ERROR;
				CLANG_WARN_DOCUMENTATION_COMMENTS = YES;
				CLANG_WARN_EMPTY_BODY = YES;
				CLANG_WARN_ENUM_CONVERSION = YES;
				CLANG_WARN_INFINITE_RECURSION = YES;
				CLANG_WARN_INT_CONVERSION = YES;
				CLANG_WARN_NON_LITERAL_NULL_CONVERSION = YES;
				CLANG_WARN_OBJC_IMPLICIT_RETAIN_SELF = YES;
				CLANG_WARN_OBJC_LITERAL_CONVERSION = YES;
				CLANG_WARN_OBJC_ROOT_CLASS = YES_ERROR;
				CLANG_WARN_QUOTED_INCLUDE_IN_FRAMEWORK_HEADER = YES;
				CLANG_WARN_RANGE_LOOP_ANALYSIS = YES;
				CLANG_WARN_STRICT_PROTOTYPES = YES;
				CLANG_WARN_SUSPICIOUS_MOVE = YES;
				CLANG_WARN_UNGUARDED_AVAILABILITY = YES_AGGRESSIVE;
				CLANG_WARN_UNREACHABLE_CODE = YES;
				CLANG_WARN__DUPLICATE_METHOD_MATCH = YES;
				COPY_PHASE_STRIP = NO;
				DEBUG_INFORMATION_FORMAT = "dwarf-with-dsym";
				ENABLE_NS_ASSERTIONS = NO;
				ENABLE_STRICT_OBJC_MSGSEND = YES;
				GCC_C_LANGUAGE_STANDARD = gnu11;
				GCC_NO_COMMON_BLOCKS = YES;
				GCC_WARN_64_TO_32_BIT_CONVERSION = YES;
				GCC_WARN_ABOUT_RETURN_TYPE = YES_ERROR;
				GCC_WARN_UNDECLARED_SELECTOR = YES;
				GCC_WARN_UNINITIALIZED_AUTOS = YES_AGGRESSIVE;
				GCC_WARN_UNUSED_FUNCTION = YES;
				GCC_WARN_UNUSED_VARIABLE = YES;
				IPHONEOS_DEPLOYMENT_TARGET = 15.5;
				MTL_ENABLE_DEBUG_INFO = NO;
				MTL_FAST_MATH = YES;
				SDKROOT = iphoneos;
				SWIFT_COMPILATION_MODE = wholemodule;
				SWIFT_OPTIMIZATION_LEVEL = "-O";
				VALIDATE_PRODUCT = YES;
			};
			name = Release;
		};
		CEB2D31428FFC6F1009A2192 /* Debug */ = {
			isa = XCBuildConfiguration;
			baseConfigurationReference = B6CC95D2B78D770404FA63FA /* Pods-pokedex.debug.xcconfig */;
			buildSettings = {
				ASSETCATALOG_COMPILER_APPICON_NAME = AppIcon;
				ASSETCATALOG_COMPILER_GLOBAL_ACCENT_COLOR_NAME = AccentColor;
				CODE_SIGN_STYLE = Automatic;
				CURRENT_PROJECT_VERSION = 1;
				DEVELOPMENT_TEAM = P7YG254GA3;
				GENERATE_INFOPLIST_FILE = YES;
				INFOPLIST_FILE = pokedex/Info.plist;
				INFOPLIST_KEY_UIApplicationSupportsIndirectInputEvents = YES;
				INFOPLIST_KEY_UILaunchStoryboardName = LaunchScreen;
				INFOPLIST_KEY_UISupportedInterfaceOrientations_iPad = "UIInterfaceOrientationPortrait UIInterfaceOrientationPortraitUpsideDown UIInterfaceOrientationLandscapeLeft UIInterfaceOrientationLandscapeRight";
				INFOPLIST_KEY_UISupportedInterfaceOrientations_iPhone = "UIInterfaceOrientationPortrait UIInterfaceOrientationLandscapeLeft UIInterfaceOrientationLandscapeRight";
				LD_RUNPATH_SEARCH_PATHS = (
					"$(inherited)",
					"@executable_path/Frameworks",
				);
				MARKETING_VERSION = 1.0;
				PRODUCT_BUNDLE_IDENTIFIER = com.karma.pokedex;
				PRODUCT_NAME = "$(TARGET_NAME)";
				SWIFT_EMIT_LOC_STRINGS = YES;
				SWIFT_VERSION = 5.0;
				TARGETED_DEVICE_FAMILY = "1,2";
			};
			name = Debug;
		};
		CEB2D31528FFC6F1009A2192 /* Release */ = {
			isa = XCBuildConfiguration;
			baseConfigurationReference = 333AC91052FE1875CA8E97B6 /* Pods-pokedex.release.xcconfig */;
			buildSettings = {
				ASSETCATALOG_COMPILER_APPICON_NAME = AppIcon;
				ASSETCATALOG_COMPILER_GLOBAL_ACCENT_COLOR_NAME = AccentColor;
				CODE_SIGN_STYLE = Automatic;
				CURRENT_PROJECT_VERSION = 1;
				DEVELOPMENT_TEAM = P7YG254GA3;
				GENERATE_INFOPLIST_FILE = YES;
				INFOPLIST_FILE = pokedex/Info.plist;
				INFOPLIST_KEY_UIApplicationSupportsIndirectInputEvents = YES;
				INFOPLIST_KEY_UILaunchStoryboardName = LaunchScreen;
				INFOPLIST_KEY_UISupportedInterfaceOrientations_iPad = "UIInterfaceOrientationPortrait UIInterfaceOrientationPortraitUpsideDown UIInterfaceOrientationLandscapeLeft UIInterfaceOrientationLandscapeRight";
				INFOPLIST_KEY_UISupportedInterfaceOrientations_iPhone = "UIInterfaceOrientationPortrait UIInterfaceOrientationLandscapeLeft UIInterfaceOrientationLandscapeRight";
				LD_RUNPATH_SEARCH_PATHS = (
					"$(inherited)",
					"@executable_path/Frameworks",
				);
				MARKETING_VERSION = 1.0;
				PRODUCT_BUNDLE_IDENTIFIER = com.karma.pokedex;
				PRODUCT_NAME = "$(TARGET_NAME)";
				SWIFT_EMIT_LOC_STRINGS = YES;
				SWIFT_VERSION = 5.0;
				TARGETED_DEVICE_FAMILY = "1,2";
			};
			name = Release;
		};
/* End XCBuildConfiguration section */

/* Begin XCConfigurationList section */
		CEB2D2FA28FFC6ED009A2192 /* Build configuration list for PBXProject "pokedex" */ = {
			isa = XCConfigurationList;
			buildConfigurations = (
				CEB2D31128FFC6F1009A2192 /* Debug */,
				CEB2D31228FFC6F1009A2192 /* Release */,
			);
			defaultConfigurationIsVisible = 0;
			defaultConfigurationName = Release;
		};
		CEB2D31328FFC6F1009A2192 /* Build configuration list for PBXNativeTarget "pokedex" */ = {
			isa = XCConfigurationList;
			buildConfigurations = (
				CEB2D31428FFC6F1009A2192 /* Debug */,
				CEB2D31528FFC6F1009A2192 /* Release */,
			);
			defaultConfigurationIsVisible = 0;
			defaultConfigurationName = Release;
		};
/* End XCConfigurationList section */
	};
	rootObject = CEB2D2F728FFC6ED009A2192 /* Project object */;
}
